
Microsoft Visual Studio Solution File, Format Version 12.00
# Visual Studio Version 16
VisualStudioVersion = 16.0.30114.105
MinimumVisualStudioVersion = 10.0.40219.1
Project("{FAE04EC0-301F-11D3-BF4B-00C04F79EFBC}") = "Billing-System", "Billing-System.csproj", "{C8565154-B6E6-4E6E-B9DE-236F33BA01D0}"
EndProject
Project("{FAE04EC0-301F-11D3-BF4B-00C04F79EFBC}") = "System.BLL", "System.BLL\System.BLL.csproj", "{E4C469F4-863A-4368-A417-253F35E40EE3}"
EndProject
Project("{FAE04EC0-301F-11D3-BF4B-00C04F79EFBC}") = "System.DAL", "System.DAL\System.DAL.csproj", "{DF71417F-A0A9-4C0A-B52B-8E89C13CAB28}"
EndProject
Project("{FAE04EC0-301F-11D3-BF4B-00C04F79EFBC}") = "System.Model", "System.Model\System.Model.csproj", "{EF53B32A-90ED-44C0-8299-E968AD46B9B0}"
EndProject
Project("{FAE04EC0-301F-11D3-BF4B-00C04F79EFBC}") = "MyControls", "MyControls\MyControls.csproj", "{A600EC94-B12F-4833-88CE-838D4175763A}"
EndProject
Project("{FAE04EC0-301F-11D3-BF4B-00C04F79EFBC}") = "Web-Billing-System", "Web-Billing-System\Web-Billing-System.csproj", "{5E30A699-E5B5-42C6-8F07-7CFCB267442E}"
EndProject
Global
	GlobalSection(SolutionConfigurationPlatforms) = preSolution
		Debug|Any CPU = Debug|Any CPU
		Release|Any CPU = Release|Any CPU
	EndGlobalSection
	GlobalSection(ProjectConfigurationPlatforms) = postSolution
		{C8565154-B6E6-4E6E-B9DE-236F33BA01D0}.Debug|Any CPU.ActiveCfg = Debug|Any CPU
		{C8565154-B6E6-4E6E-B9DE-236F33BA01D0}.Debug|Any CPU.Build.0 = Debug|Any CPU
		{C8565154-B6E6-4E6E-B9DE-236F33BA01D0}.Release|Any CPU.ActiveCfg = Release|Any CPU
		{C8565154-B6E6-4E6E-B9DE-236F33BA01D0}.Release|Any CPU.Build.0 = Release|Any CPU
		{E4C469F4-863A-4368-A417-253F35E40EE3}.Debug|Any CPU.ActiveCfg = Debug|Any CPU
		{E4C469F4-863A-4368-A417-253F35E40EE3}.Debug|Any CPU.Build.0 = Debug|Any CPU
		{E4C469F4-863A-4368-A417-253F35E40EE3}.Release|Any CPU.ActiveCfg = Release|Any CPU
		{E4C469F4-863A-4368-A417-253F35E40EE3}.Release|Any CPU.Build.0 = Release|Any CPU
		{DF71417F-A0A9-4C0A-B52B-8E89C13CAB28}.Debug|Any CPU.ActiveCfg = Debug|Any CPU
		{DF71417F-A0A9-4C0A-B52B-8E89C13CAB28}.Debug|Any CPU.Build.0 = Debug|Any CPU
		{DF71417F-A0A9-4C0A-B52B-8E89C13CAB28}.Release|Any CPU.ActiveCfg = Release|Any CPU
		{DF71417F-A0A9-4C0A-B52B-8E89C13CAB28}.Release|Any CPU.Build.0 = Release|Any CPU
		{EF53B32A-90ED-44C0-8299-E968AD46B9B0}.Debug|Any CPU.ActiveCfg = Debug|Any CPU
		{EF53B32A-90ED-44C0-8299-E968AD46B9B0}.Debug|Any CPU.Build.0 = Debug|Any CPU
		{EF53B32A-90ED-44C0-8299-E968AD46B9B0}.Release|Any CPU.ActiveCfg = Release|Any CPU
		{EF53B32A-90ED-44C0-8299-E968AD46B9B0}.Release|Any CPU.Build.0 = Release|Any CPU
		{A600EC94-B12F-4833-88CE-838D4175763A}.Debug|Any CPU.ActiveCfg = Debug|Any CPU
		{A600EC94-B12F-4833-88CE-838D4175763A}.Debug|Any CPU.Build.0 = Debug|Any CPU
		{A600EC94-B12F-4833-88CE-838D4175763A}.Release|Any CPU.ActiveCfg = Release|Any CPU
		{A600EC94-B12F-4833-88CE-838D4175763A}.Release|Any CPU.Build.0 = Release|Any CPU
		{5E30A699-E5B5-42C6-8F07-7CFCB267442E}.Debug|Any CPU.ActiveCfg = Debug|Any CPU
		{5E30A699-E5B5-42C6-8F07-7CFCB267442E}.Debug|Any CPU.Build.0 = Debug|Any CPU
		{5E30A699-E5B5-42C6-8F07-7CFCB267442E}.Release|Any CPU.ActiveCfg = Release|Any CPU
		{5E30A699-E5B5-42C6-8F07-7CFCB267442E}.Release|Any CPU.Build.0 = Release|Any CPU
	EndGlobalSection
	GlobalSection(SolutionProperties) = preSolution
		HideSolutionNode = FALSE
	EndGlobalSection
	GlobalSection(ExtensibilityGlobals) = postSolution
		SolutionGuid = {8F22D5AF-11B3-4F83-B63F-30565128B744}
	EndGlobalSection
EndGlobal
