
Microsoft Visual Studio Solution File, Format Version 12.00
# Visual Studio Version 16
VisualStudioVersion = 16.0.30114.105
MinimumVisualStudioVersion = 10.0.40219.1
Project("{FAE04EC0-301F-11D3-BF4B-00C04F79EFBC}") = "Billing-System", "Billing-System.csproj", "{C8565154-B6E6-4E6E-B9DE-236F33BA01D0}"
EndProject
Global
	GlobalSection(SolutionConfigurationPlatforms) = preSolution
		Debug|Any CPU = Debug|Any CPU
		Release|Any CPU = Release|Any CPU
	EndGlobalSection
	GlobalSection(ProjectConfigurationPlatforms) = postSolution
		{C8565154-B6E6-4E6E-B9DE-236F33BA01D0}.Debug|Any CPU.ActiveCfg = Debug|Any CPU
		{C8565154-B6E6-4E6E-B9DE-236F33BA01D0}.Debug|Any CPU.Build.0 = Debug|Any CPU
		{C8565154-B6E6-4E6E-B9DE-236F33BA01D0}.Release|Any CPU.ActiveCfg = Release|Any CPU
		{C8565154-B6E6-4E6E-B9DE-236F33BA01D0}.Release|Any CPU.Build.0 = Release|Any CPU
	EndGlobalSection
	GlobalSection(SolutionProperties) = preSolution
		HideSolutionNode = FALSE
	EndGlobalSection
	GlobalSection(ExtensibilityGlobals) = postSolution
		SolutionGuid = {8F22D5AF-11B3-4F83-B63F-30565128B744}
	EndGlobalSection
EndGlobal
